
Microsoft Visual Studio Solution File, Format Version 12.00
Project("{FAE04EC0-301F-11D3-BF4B-00C04F79EFBC}") = "HackerNews.WebAPI", "HackerNews.WebAPI\HackerNews.WebAPI.csproj", "{1D6CE8D3-AB0D-4D75-89BC-48C7CBA5937E}"
EndProject
Project("{FAE04EC0-301F-11D3-BF4B-00C04F79EFBC}") = "HackerNews.WebAPI.Test", "HackerNews.WebAPI.Test\HackerNews.WebAPI.Test.csproj", "{F9D61F72-EA1C-4F02-BABB-803D35432B92}"
EndProject
Global
	GlobalSection(SolutionConfigurationPlatforms) = preSolution
		Debug|Any CPU = Debug|Any CPU
		Release|Any CPU = Release|Any CPU
	EndGlobalSection
	GlobalSection(ProjectConfigurationPlatforms) = postSolution
		{1D6CE8D3-AB0D-4D75-89BC-48C7CBA5937E}.Debug|Any CPU.ActiveCfg = Debug|Any CPU
		{1D6CE8D3-AB0D-4D75-89BC-48C7CBA5937E}.Debug|Any CPU.Build.0 = Debug|Any CPU
		{1D6CE8D3-AB0D-4D75-89BC-48C7CBA5937E}.Release|Any CPU.ActiveCfg = Release|Any CPU
		{1D6CE8D3-AB0D-4D75-89BC-48C7CBA5937E}.Release|Any CPU.Build.0 = Release|Any CPU
		{F9D61F72-EA1C-4F02-BABB-803D35432B92}.Debug|Any CPU.ActiveCfg = Debug|Any CPU
		{F9D61F72-EA1C-4F02-BABB-803D35432B92}.Debug|Any CPU.Build.0 = Debug|Any CPU
		{F9D61F72-EA1C-4F02-BABB-803D35432B92}.Release|Any CPU.ActiveCfg = Release|Any CPU
		{F9D61F72-EA1C-4F02-BABB-803D35432B92}.Release|Any CPU.Build.0 = Release|Any CPU
	EndGlobalSection
EndGlobal
